{
  "nodes": {
    "nixpkgs": {
      "locked": {
        "lastModified": 1705806820,
        "narHash": "sha256-kw8PZ/lSouaQ6HBzveiJoQaE8xEyyAihC6LRZtnIIT0=",
        "owner": "NixOS",
        "repo": "nixpkgs",
        "rev": "28dbc86c498e4da9a4e44949e82a583627273319",
        "type": "github"
      },
      "original": {
        "owner": "NixOS",
        "repo": "nixpkgs",
        "type": "github"
      }
    },
    "root": {
      "inputs": {
        "nixpkgs": "nixpkgs"
      }
    }
  },
  "root": "root",
  "version": 7
}
