{
  "nodes": {
    "nixpkgs": {
      "locked": {
        "lastModified": 1709169684,
        "narHash": "sha256-YV5OIxSYU+PcQMmqvAVQNCDEKka7tPwLmSCqOUOqnPA=",
        "owner": "NixOS",
        "repo": "nixpkgs",
        "rev": "c6caed479a521fd96b847d287c3fbdc611ffdca3",
        "type": "github"
      },
      "original": {
        "owner": "NixOS",
        "repo": "nixpkgs",
        "type": "github"
      }
    },
    "root": {
      "inputs": {
        "nixpkgs": "nixpkgs"
      }
    }
  },
  "root": "root",
  "version": 7
}
