{
  "nodes": {
    "nixpkgs": {
      "locked": {
        "lastModified": 1712123280,
        "narHash": "sha256-kotGB4usXRXbypEOWX25VSIEm3bKrwGsB3bgbHoOFhU=",
        "owner": "NixOS",
        "repo": "nixpkgs",
        "rev": "0d4d195459dcb13a901340a36c573277c49b967b",
        "type": "github"
      },
      "original": {
        "owner": "NixOS",
        "repo": "nixpkgs",
        "type": "github"
      }
    },
    "root": {
      "inputs": {
        "nixpkgs": "nixpkgs"
      }
    }
  },
  "root": "root",
  "version": 7
}
